// !$*UTF8*$!
{
	archiveVersion = 1;
	classes = {
	};
	objectVersion = 50;
	objects = {

/* Begin PBXBuildFile section */
		49C57283833B9E08095C78E7 /* Pods_TikTokLike.framework in Frameworks */ = {isa = PBXBuildFile; fileRef = BFF53C1F046C93CE4FDE35F5 /* Pods_TikTokLike.framework */; };
		6A83E7257861912E7FB63F7A /* Pods_TikTokLikeUITests.framework in Frameworks */ = {isa = PBXBuildFile; fileRef = 1579B5347D9F1A2478349200 /* Pods_TikTokLikeUITests.framework */; };
		825C85DD226E41D400B5B397 /* WebPost.swift in Sources */ = {isa = PBXBuildFile; fileRef = 825C85DC226E41D400B5B397 /* WebPost.swift */; };
		825C85DF226E42AC00B5B397 /* WebPostService.swift in Sources */ = {isa = PBXBuildFile; fileRef = 825C85DE226E42AC00B5B397 /* WebPostService.swift */; };
		825C85E2226E7D4000B5B397 /* FeedTableCell.swift in Sources */ = {isa = PBXBuildFile; fileRef = 825C85E0226E7D4000B5B397 /* FeedTableCell.swift */; };
		825C85E3226E7D4000B5B397 /* FeedTableCell.xib in Resources */ = {isa = PBXBuildFile; fileRef = 825C85E1226E7D4000B5B397 /* FeedTableCell.xib */; };
		825C85E5226E821400B5B397 /* WebPost.storyboard in Resources */ = {isa = PBXBuildFile; fileRef = 825C85E4226E821400B5B397 /* WebPost.storyboard */; };
		825C85E7226E82CA00B5B397 /* WebPostViewController.swift in Sources */ = {isa = PBXBuildFile; fileRef = 825C85E6226E82CA00B5B397 /* WebPostViewController.swift */; };
		827D9917226AD99E00187144 /* ImageTableCell.swift in Sources */ = {isa = PBXBuildFile; fileRef = 827D9915226AD99E00187144 /* ImageTableCell.swift */; };
		827D9918226AD99E00187144 /* ImageTableCell.xib in Resources */ = {isa = PBXBuildFile; fileRef = 827D9916226AD99E00187144 /* ImageTableCell.xib */; };
		827D991B226AD9BB00187144 /* InputTableCell.swift in Sources */ = {isa = PBXBuildFile; fileRef = 827D9919226AD9BB00187144 /* InputTableCell.swift */; };
		827D991C226AD9BB00187144 /* InputTableCell.xib in Resources */ = {isa = PBXBuildFile; fileRef = 827D991A226AD9BB00187144 /* InputTableCell.xib */; };
		827D991E226AF12100187144 /* CustomCamera.storyboard in Resources */ = {isa = PBXBuildFile; fileRef = 827D991D226AF12100187144 /* CustomCamera.storyboard */; };
		827D9920226AF18600187144 /* CustomCameraViewController.swift in Sources */ = {isa = PBXBuildFile; fileRef = 827D991F226AF18600187144 /* CustomCameraViewController.swift */; };
		827D9922226AF19900187144 /* CapturePreviewViewController.swift in Sources */ = {isa = PBXBuildFile; fileRef = 827D9921226AF19900187144 /* CapturePreviewViewController.swift */; };
		827D9924226AF70500187144 /* VideoService.swift in Sources */ = {isa = PBXBuildFile; fileRef = 827D9923226AF70500187144 /* VideoService.swift */; };
		827D9928226B0CE700187144 /* ImageService.swift in Sources */ = {isa = PBXBuildFile; fileRef = 827D9927226B0CE700187144 /* ImageService.swift */; };
		827D992A226BAE4000187144 /* AddUser.storyboard in Resources */ = {isa = PBXBuildFile; fileRef = 827D9929226BAE4000187144 /* AddUser.storyboard */; };
		827D992C226BAE5700187144 /* AddUserViewController.swift in Sources */ = {isa = PBXBuildFile; fileRef = 827D992B226BAE5700187144 /* AddUserViewController.swift */; };
		827D992F226BAFA100187144 /* UserTableCell.swift in Sources */ = {isa = PBXBuildFile; fileRef = 827D992D226BAFA100187144 /* UserTableCell.swift */; };
		827D9930226BAFA100187144 /* UserTableCell.xib in Resources */ = {isa = PBXBuildFile; fileRef = 827D992E226BAFA100187144 /* UserTableCell.xib */; };
		827D9932226BC13400187144 /* FollowService.swift in Sources */ = {isa = PBXBuildFile; fileRef = 827D9931226BC13400187144 /* FollowService.swift */; };
		827D9934226BD13B00187144 /* NewPostViewController.swift in Sources */ = {isa = PBXBuildFile; fileRef = 827D9933226BD13B00187144 /* NewPostViewController.swift */; };
		827D9937226BD42500187144 /* VideoTableCell.swift in Sources */ = {isa = PBXBuildFile; fileRef = 827D9935226BD42500187144 /* VideoTableCell.swift */; };
		827D9938226BD42500187144 /* VideoTableCell.xib in Resources */ = {isa = PBXBuildFile; fileRef = 827D9936226BD42500187144 /* VideoTableCell.xib */; };
		827D993A226BD72500187144 /* PostService.swift in Sources */ = {isa = PBXBuildFile; fileRef = 827D9939226BD72500187144 /* PostService.swift */; };
		827D993C226BD75200187144 /* Post.swift in Sources */ = {isa = PBXBuildFile; fileRef = 827D993B226BD75200187144 /* Post.swift */; };
		827D9980226CDCA200187144 /* Post.storyboard in Resources */ = {isa = PBXBuildFile; fileRef = 827D997F226CDCA200187144 /* Post.storyboard */; };
		827D9982226CDCD500187144 /* PostViewController.swift in Sources */ = {isa = PBXBuildFile; fileRef = 827D9981226CDCD500187144 /* PostViewController.swift */; };
		82B83880226A5DD5004622CD /* AppDelegate.swift in Sources */ = {isa = PBXBuildFile; fileRef = 82B8387F226A5DD5004622CD /* AppDelegate.swift */; };
		82B83885226A5DD5004622CD /* Main.storyboard in Resources */ = {isa = PBXBuildFile; fileRef = 82B83883226A5DD5004622CD /* Main.storyboard */; };
		82B83887226A5DD7004622CD /* Assets.xcassets in Resources */ = {isa = PBXBuildFile; fileRef = 82B83886226A5DD7004622CD /* Assets.xcassets */; };
		82B8388A226A5DD7004622CD /* LaunchScreen.storyboard in Resources */ = {isa = PBXBuildFile; fileRef = 82B83888226A5DD7004622CD /* LaunchScreen.storyboard */; };
		82B83895226A5DD7004622CD /* TikTokLikeTests.swift in Sources */ = {isa = PBXBuildFile; fileRef = 82B83894226A5DD7004622CD /* TikTokLikeTests.swift */; };
		82B838A0226A5DD7004622CD /* TikTokLikeUITests.swift in Sources */ = {isa = PBXBuildFile; fileRef = 82B8389F226A5DD7004622CD /* TikTokLikeUITests.swift */; };
		82B838B3226A5F9A004622CD /* FeedViewController.swift in Sources */ = {isa = PBXBuildFile; fileRef = 82B838B2226A5F9A004622CD /* FeedViewController.swift */; };
		82B838B5226A5FE3004622CD /* SearchViewController.swift in Sources */ = {isa = PBXBuildFile; fileRef = 82B838B4226A5FE3004622CD /* SearchViewController.swift */; };
		82B838B7226A600D004622CD /* NewViewController.swift in Sources */ = {isa = PBXBuildFile; fileRef = 82B838B6226A600D004622CD /* NewViewController.swift */; };
		82B838B9226A606C004622CD /* SocialViewController.swift in Sources */ = {isa = PBXBuildFile; fileRef = 82B838B8226A606C004622CD /* SocialViewController.swift */; };
		82B838BB226A607C004622CD /* ProfileViewController.swift in Sources */ = {isa = PBXBuildFile; fileRef = 82B838BA226A607C004622CD /* ProfileViewController.swift */; };
		82B838BD226A6266004622CD /* Feed.storyboard in Resources */ = {isa = PBXBuildFile; fileRef = 82B838BC226A6266004622CD /* Feed.storyboard */; };
		82B838BF226A62CC004622CD /* Search.storyboard in Resources */ = {isa = PBXBuildFile; fileRef = 82B838BE226A62CC004622CD /* Search.storyboard */; };
		82B838C1226A644A004622CD /* NewPost.storyboard in Resources */ = {isa = PBXBuildFile; fileRef = 82B838C0226A644A004622CD /* NewPost.storyboard */; };
		82B838C3226A64D1004622CD /* Social.storyboard in Resources */ = {isa = PBXBuildFile; fileRef = 82B838C2226A64D1004622CD /* Social.storyboard */; };
		82B838C5226A652B004622CD /* Profile.storyboard in Resources */ = {isa = PBXBuildFile; fileRef = 82B838C4226A652B004622CD /* Profile.storyboard */; };
		82B838C7226A6ABE004622CD /* Authentication.storyboard in Resources */ = {isa = PBXBuildFile; fileRef = 82B838C6226A6ABE004622CD /* Authentication.storyboard */; };
		82B838C9226A6ADC004622CD /* SignInViewController.swift in Sources */ = {isa = PBXBuildFile; fileRef = 82B838C8226A6ADC004622CD /* SignInViewController.swift */; };
		82B838CB226A6AEF004622CD /* SignUpViewController.swift in Sources */ = {isa = PBXBuildFile; fileRef = 82B838CA226A6AEF004622CD /* SignUpViewController.swift */; };
		82B838CD226A7467004622CD /* AuthService.swift in Sources */ = {isa = PBXBuildFile; fileRef = 82B838CC226A7467004622CD /* AuthService.swift */; };
		82B838CF226A75B6004622CD /* GoogleService-Info.plist in Resources */ = {isa = PBXBuildFile; fileRef = 82B838CE226A75B5004622CD /* GoogleService-Info.plist */; };
		82B838D1226A7B99004622CD /* UIService.swift in Sources */ = {isa = PBXBuildFile; fileRef = 82B838D0226A7B99004622CD /* UIService.swift */; };
		82B838D3226A81F3004622CD /* AlertService.swift in Sources */ = {isa = PBXBuildFile; fileRef = 82B838D2226A81F3004622CD /* AlertService.swift */; };
		82B838D6226A92F4004622CD /* ProfileHeaderView.swift in Sources */ = {isa = PBXBuildFile; fileRef = 82B838D4226A92F4004622CD /* ProfileHeaderView.swift */; };
		82B838D7226A92F4004622CD /* ProfileHeaderView.xib in Resources */ = {isa = PBXBuildFile; fileRef = 82B838D5226A92F4004622CD /* ProfileHeaderView.xib */; };
		82B838DA226A9D6B004622CD /* PostCollectionCell.swift in Sources */ = {isa = PBXBuildFile; fileRef = 82B838D8226A9D6B004622CD /* PostCollectionCell.swift */; };
		82B838DB226A9D6B004622CD /* PostCollectionCell.xib in Resources */ = {isa = PBXBuildFile; fileRef = 82B838D9226A9D6B004622CD /* PostCollectionCell.xib */; };
		82B838DD226AA1BE004622CD /* User.swift in Sources */ = {isa = PBXBuildFile; fileRef = 82B838DC226AA1BE004622CD /* User.swift */; };
		82B838DF226AA413004622CD /* UserService.swift in Sources */ = {isa = PBXBuildFile; fileRef = 82B838DE226AA413004622CD /* UserService.swift */; };
		82B838E3226ABBA9004622CD /* Menu.storyboard in Resources */ = {isa = PBXBuildFile; fileRef = 82B838E2226ABBA9004622CD /* Menu.storyboard */; };
		82B838E5226ABC5A004622CD /* MenuViewController.swift in Sources */ = {isa = PBXBuildFile; fileRef = 82B838E4226ABC5A004622CD /* MenuViewController.swift */; };
		82B838E7226ACB79004622CD /* EditProfile.storyboard in Resources */ = {isa = PBXBuildFile; fileRef = 82B838E6226ACB79004622CD /* EditProfile.storyboard */; };
		82B838E9226ACB95004622CD /* EditProfileViewController.swift in Sources */ = {isa = PBXBuildFile; fileRef = 82B838E8226ACB95004622CD /* EditProfileViewController.swift */; };
		B107E857D4AFF1D4D6D46B34 /* Pods_TikTokLikeTests.framework in Frameworks */ = {isa = PBXBuildFile; fileRef = F80DA477EDCBB07DE4DF0618 /* Pods_TikTokLikeTests.framework */; };
/* End PBXBuildFile section */

/* Begin PBXContainerItemProxy section */
		82B83891226A5DD7004622CD /* PBXContainerItemProxy */ = {
			isa = PBXContainerItemProxy;
			containerPortal = 82B83874226A5DD5004622CD /* Project object */;
			proxyType = 1;
			remoteGlobalIDString = 82B8387B226A5DD5004622CD;
			remoteInfo = TikTokLike;
		};
		82B8389C226A5DD7004622CD /* PBXContainerItemProxy */ = {
			isa = PBXContainerItemProxy;
			containerPortal = 82B83874226A5DD5004622CD /* Project object */;
			proxyType = 1;
			remoteGlobalIDString = 82B8387B226A5DD5004622CD;
			remoteInfo = TikTokLike;
		};
/* End PBXContainerItemProxy section */

/* Begin PBXFileReference section */
		1579B5347D9F1A2478349200 /* Pods_TikTokLikeUITests.framework */ = {isa = PBXFileReference; explicitFileType = wrapper.framework; includeInIndex = 0; path = Pods_TikTokLikeUITests.framework; sourceTree = BUILT_PRODUCTS_DIR; };
		825C85DC226E41D400B5B397 /* WebPost.swift */ = {isa = PBXFileReference; lastKnownFileType = sourcecode.swift; path = WebPost.swift; sourceTree = "<group>"; };
		825C85DE226E42AC00B5B397 /* WebPostService.swift */ = {isa = PBXFileReference; lastKnownFileType = sourcecode.swift; path = WebPostService.swift; sourceTree = "<group>"; };
		825C85E0226E7D4000B5B397 /* FeedTableCell.swift */ = {isa = PBXFileReference; lastKnownFileType = sourcecode.swift; path = FeedTableCell.swift; sourceTree = "<group>"; };
		825C85E1226E7D4000B5B397 /* FeedTableCell.xib */ = {isa = PBXFileReference; lastKnownFileType = file.xib; path = FeedTableCell.xib; sourceTree = "<group>"; };
		825C85E4226E821400B5B397 /* WebPost.storyboard */ = {isa = PBXFileReference; lastKnownFileType = file.storyboard; path = WebPost.storyboard; sourceTree = "<group>"; };
		825C85E6226E82CA00B5B397 /* WebPostViewController.swift */ = {isa = PBXFileReference; lastKnownFileType = sourcecode.swift; path = WebPostViewController.swift; sourceTree = "<group>"; };
		827D9915226AD99E00187144 /* ImageTableCell.swift */ = {isa = PBXFileReference; lastKnownFileType = sourcecode.swift; path = ImageTableCell.swift; sourceTree = "<group>"; };
		827D9916226AD99E00187144 /* ImageTableCell.xib */ = {isa = PBXFileReference; lastKnownFileType = file.xib; path = ImageTableCell.xib; sourceTree = "<group>"; };
		827D9919226AD9BB00187144 /* InputTableCell.swift */ = {isa = PBXFileReference; lastKnownFileType = sourcecode.swift; path = InputTableCell.swift; sourceTree = "<group>"; };
		827D991A226AD9BB00187144 /* InputTableCell.xib */ = {isa = PBXFileReference; lastKnownFileType = file.xib; path = InputTableCell.xib; sourceTree = "<group>"; };
		827D991D226AF12100187144 /* CustomCamera.storyboard */ = {isa = PBXFileReference; lastKnownFileType = file.storyboard; path = CustomCamera.storyboard; sourceTree = "<group>"; };
		827D991F226AF18600187144 /* CustomCameraViewController.swift */ = {isa = PBXFileReference; lastKnownFileType = sourcecode.swift; path = CustomCameraViewController.swift; sourceTree = "<group>"; };
		827D9921226AF19900187144 /* CapturePreviewViewController.swift */ = {isa = PBXFileReference; lastKnownFileType = sourcecode.swift; path = CapturePreviewViewController.swift; sourceTree = "<group>"; };
		827D9923226AF70500187144 /* VideoService.swift */ = {isa = PBXFileReference; lastKnownFileType = sourcecode.swift; path = VideoService.swift; sourceTree = "<group>"; };
		827D9927226B0CE700187144 /* ImageService.swift */ = {isa = PBXFileReference; lastKnownFileType = sourcecode.swift; path = ImageService.swift; sourceTree = "<group>"; };
		827D9929226BAE4000187144 /* AddUser.storyboard */ = {isa = PBXFileReference; lastKnownFileType = file.storyboard; path = AddUser.storyboard; sourceTree = "<group>"; };
		827D992B226BAE5700187144 /* AddUserViewController.swift */ = {isa = PBXFileReference; lastKnownFileType = sourcecode.swift; path = AddUserViewController.swift; sourceTree = "<group>"; };
		827D992D226BAFA100187144 /* UserTableCell.swift */ = {isa = PBXFileReference; lastKnownFileType = sourcecode.swift; path = UserTableCell.swift; sourceTree = "<group>"; };
		827D992E226BAFA100187144 /* UserTableCell.xib */ = {isa = PBXFileReference; lastKnownFileType = file.xib; path = UserTableCell.xib; sourceTree = "<group>"; };
		827D9931226BC13400187144 /* FollowService.swift */ = {isa = PBXFileReference; lastKnownFileType = sourcecode.swift; path = FollowService.swift; sourceTree = "<group>"; };
		827D9933226BD13B00187144 /* NewPostViewController.swift */ = {isa = PBXFileReference; lastKnownFileType = sourcecode.swift; path = NewPostViewController.swift; sourceTree = "<group>"; };
		827D9935226BD42500187144 /* VideoTableCell.swift */ = {isa = PBXFileReference; lastKnownFileType = sourcecode.swift; path = VideoTableCell.swift; sourceTree = "<group>"; };
		827D9936226BD42500187144 /* VideoTableCell.xib */ = {isa = PBXFileReference; lastKnownFileType = file.xib; path = VideoTableCell.xib; sourceTree = "<group>"; };
		827D9939226BD72500187144 /* PostService.swift */ = {isa = PBXFileReference; lastKnownFileType = sourcecode.swift; path = PostService.swift; sourceTree = "<group>"; };
		827D993B226BD75200187144 /* Post.swift */ = {isa = PBXFileReference; lastKnownFileType = sourcecode.swift; path = Post.swift; sourceTree = "<group>"; };
		827D997F226CDCA200187144 /* Post.storyboard */ = {isa = PBXFileReference; lastKnownFileType = file.storyboard; path = Post.storyboard; sourceTree = "<group>"; };
		827D9981226CDCD500187144 /* PostViewController.swift */ = {isa = PBXFileReference; lastKnownFileType = sourcecode.swift; path = PostViewController.swift; sourceTree = "<group>"; };
		82B8387C226A5DD5004622CD /* TikTokLike.app */ = {isa = PBXFileReference; explicitFileType = wrapper.application; includeInIndex = 0; path = TikTokLike.app; sourceTree = BUILT_PRODUCTS_DIR; };
		82B8387F226A5DD5004622CD /* AppDelegate.swift */ = {isa = PBXFileReference; lastKnownFileType = sourcecode.swift; path = AppDelegate.swift; sourceTree = "<group>"; };
		82B83884226A5DD5004622CD /* Base */ = {isa = PBXFileReference; lastKnownFileType = file.storyboard; name = Base; path = Base.lproj/Main.storyboard; sourceTree = "<group>"; };
		82B83886226A5DD7004622CD /* Assets.xcassets */ = {isa = PBXFileReference; lastKnownFileType = folder.assetcatalog; path = Assets.xcassets; sourceTree = "<group>"; };
		82B83889226A5DD7004622CD /* Base */ = {isa = PBXFileReference; lastKnownFileType = file.storyboard; name = Base; path = Base.lproj/LaunchScreen.storyboard; sourceTree = "<group>"; };
		82B8388B226A5DD7004622CD /* Info.plist */ = {isa = PBXFileReference; lastKnownFileType = text.plist.xml; path = Info.plist; sourceTree = "<group>"; };
		82B83890226A5DD7004622CD /* TikTokLikeTests.xctest */ = {isa = PBXFileReference; explicitFileType = wrapper.cfbundle; includeInIndex = 0; path = TikTokLikeTests.xctest; sourceTree = BUILT_PRODUCTS_DIR; };
		82B83894226A5DD7004622CD /* TikTokLikeTests.swift */ = {isa = PBXFileReference; lastKnownFileType = sourcecode.swift; path = TikTokLikeTests.swift; sourceTree = "<group>"; };
		82B83896226A5DD7004622CD /* Info.plist */ = {isa = PBXFileReference; lastKnownFileType = text.plist.xml; path = Info.plist; sourceTree = "<group>"; };
		82B8389B226A5DD7004622CD /* TikTokLikeUITests.xctest */ = {isa = PBXFileReference; explicitFileType = wrapper.cfbundle; includeInIndex = 0; path = TikTokLikeUITests.xctest; sourceTree = BUILT_PRODUCTS_DIR; };
		82B8389F226A5DD7004622CD /* TikTokLikeUITests.swift */ = {isa = PBXFileReference; lastKnownFileType = sourcecode.swift; path = TikTokLikeUITests.swift; sourceTree = "<group>"; };
		82B838A1226A5DD7004622CD /* Info.plist */ = {isa = PBXFileReference; lastKnownFileType = text.plist.xml; path = Info.plist; sourceTree = "<group>"; };
		82B838B2226A5F9A004622CD /* FeedViewController.swift */ = {isa = PBXFileReference; lastKnownFileType = sourcecode.swift; path = FeedViewController.swift; sourceTree = "<group>"; };
		82B838B4226A5FE3004622CD /* SearchViewController.swift */ = {isa = PBXFileReference; lastKnownFileType = sourcecode.swift; path = SearchViewController.swift; sourceTree = "<group>"; };
		82B838B6226A600D004622CD /* NewViewController.swift */ = {isa = PBXFileReference; lastKnownFileType = sourcecode.swift; path = NewViewController.swift; sourceTree = "<group>"; };
		82B838B8226A606C004622CD /* SocialViewController.swift */ = {isa = PBXFileReference; lastKnownFileType = sourcecode.swift; path = SocialViewController.swift; sourceTree = "<group>"; };
		82B838BA226A607C004622CD /* ProfileViewController.swift */ = {isa = PBXFileReference; lastKnownFileType = sourcecode.swift; path = ProfileViewController.swift; sourceTree = "<group>"; };
		82B838BC226A6266004622CD /* Feed.storyboard */ = {isa = PBXFileReference; fileEncoding = 4; lastKnownFileType = file.storyboard; path = Feed.storyboard; sourceTree = "<group>"; };
		82B838BE226A62CC004622CD /* Search.storyboard */ = {isa = PBXFileReference; fileEncoding = 4; lastKnownFileType = file.storyboard; path = Search.storyboard; sourceTree = "<group>"; };
		82B838C0226A644A004622CD /* NewPost.storyboard */ = {isa = PBXFileReference; fileEncoding = 4; lastKnownFileType = file.storyboard; path = NewPost.storyboard; sourceTree = "<group>"; };
		82B838C2226A64D1004622CD /* Social.storyboard */ = {isa = PBXFileReference; fileEncoding = 4; lastKnownFileType = file.storyboard; path = Social.storyboard; sourceTree = "<group>"; };
		82B838C4226A652B004622CD /* Profile.storyboard */ = {isa = PBXFileReference; fileEncoding = 4; lastKnownFileType = file.storyboard; path = Profile.storyboard; sourceTree = "<group>"; };
		82B838C6226A6ABE004622CD /* Authentication.storyboard */ = {isa = PBXFileReference; lastKnownFileType = file.storyboard; path = Authentication.storyboard; sourceTree = "<group>"; };
		82B838C8226A6ADC004622CD /* SignInViewController.swift */ = {isa = PBXFileReference; lastKnownFileType = sourcecode.swift; path = SignInViewController.swift; sourceTree = "<group>"; };
		82B838CA226A6AEF004622CD /* SignUpViewController.swift */ = {isa = PBXFileReference; lastKnownFileType = sourcecode.swift; path = SignUpViewController.swift; sourceTree = "<group>"; };
		82B838CC226A7467004622CD /* AuthService.swift */ = {isa = PBXFileReference; lastKnownFileType = sourcecode.swift; path = AuthService.swift; sourceTree = "<group>"; };
		82B838CE226A75B5004622CD /* GoogleService-Info.plist */ = {isa = PBXFileReference; fileEncoding = 4; lastKnownFileType = text.plist.xml; path = "GoogleService-Info.plist"; sourceTree = "<group>"; };
		82B838D0226A7B99004622CD /* UIService.swift */ = {isa = PBXFileReference; lastKnownFileType = sourcecode.swift; path = UIService.swift; sourceTree = "<group>"; };
		82B838D2226A81F3004622CD /* AlertService.swift */ = {isa = PBXFileReference; lastKnownFileType = sourcecode.swift; path = AlertService.swift; sourceTree = "<group>"; };
		82B838D4226A92F4004622CD /* ProfileHeaderView.swift */ = {isa = PBXFileReference; lastKnownFileType = sourcecode.swift; path = ProfileHeaderView.swift; sourceTree = "<group>"; };
		82B838D5226A92F4004622CD /* ProfileHeaderView.xib */ = {isa = PBXFileReference; lastKnownFileType = file.xib; path = ProfileHeaderView.xib; sourceTree = "<group>"; };
		82B838D8226A9D6B004622CD /* PostCollectionCell.swift */ = {isa = PBXFileReference; lastKnownFileType = sourcecode.swift; path = PostCollectionCell.swift; sourceTree = "<group>"; };
		82B838D9226A9D6B004622CD /* PostCollectionCell.xib */ = {isa = PBXFileReference; lastKnownFileType = file.xib; path = PostCollectionCell.xib; sourceTree = "<group>"; };
		82B838DC226AA1BE004622CD /* User.swift */ = {isa = PBXFileReference; lastKnownFileType = sourcecode.swift; path = User.swift; sourceTree = "<group>"; };
		82B838DE226AA413004622CD /* UserService.swift */ = {isa = PBXFileReference; lastKnownFileType = sourcecode.swift; path = UserService.swift; sourceTree = "<group>"; };
		82B838E2226ABBA9004622CD /* Menu.storyboard */ = {isa = PBXFileReference; lastKnownFileType = file.storyboard; path = Menu.storyboard; sourceTree = "<group>"; };
		82B838E4226ABC5A004622CD /* MenuViewController.swift */ = {isa = PBXFileReference; lastKnownFileType = sourcecode.swift; path = MenuViewController.swift; sourceTree = "<group>"; };
		82B838E6226ACB79004622CD /* EditProfile.storyboard */ = {isa = PBXFileReference; lastKnownFileType = file.storyboard; path = EditProfile.storyboard; sourceTree = "<group>"; };
		82B838E8226ACB95004622CD /* EditProfileViewController.swift */ = {isa = PBXFileReference; lastKnownFileType = sourcecode.swift; path = EditProfileViewController.swift; sourceTree = "<group>"; };
		849842F5B2AD892E20162873 /* Pods-TikTokLike.debug.xcconfig */ = {isa = PBXFileReference; includeInIndex = 1; lastKnownFileType = text.xcconfig; name = "Pods-TikTokLike.debug.xcconfig"; path = "Pods/Target Support Files/Pods-TikTokLike/Pods-TikTokLike.debug.xcconfig"; sourceTree = "<group>"; };
		8EB6E54C6117B8A274106BE0 /* Pods-TikTokLikeTests.release.xcconfig */ = {isa = PBXFileReference; includeInIndex = 1; lastKnownFileType = text.xcconfig; name = "Pods-TikTokLikeTests.release.xcconfig"; path = "Pods/Target Support Files/Pods-TikTokLikeTests/Pods-TikTokLikeTests.release.xcconfig"; sourceTree = "<group>"; };
		9ACBF459D6A2F9428044F191 /* Pods-TikTokLikeUITests.debug.xcconfig */ = {isa = PBXFileReference; includeInIndex = 1; lastKnownFileType = text.xcconfig; name = "Pods-TikTokLikeUITests.debug.xcconfig"; path = "Pods/Target Support Files/Pods-TikTokLikeUITests/Pods-TikTokLikeUITests.debug.xcconfig"; sourceTree = "<group>"; };
		AE71F66D21A20F1DD3969217 /* Pods-TikTokLikeUITests.release.xcconfig */ = {isa = PBXFileReference; includeInIndex = 1; lastKnownFileType = text.xcconfig; name = "Pods-TikTokLikeUITests.release.xcconfig"; path = "Pods/Target Support Files/Pods-TikTokLikeUITests/Pods-TikTokLikeUITests.release.xcconfig"; sourceTree = "<group>"; };
		BFF53C1F046C93CE4FDE35F5 /* Pods_TikTokLike.framework */ = {isa = PBXFileReference; explicitFileType = wrapper.framework; includeInIndex = 0; path = Pods_TikTokLike.framework; sourceTree = BUILT_PRODUCTS_DIR; };
		E976AB33C48B268FC083B35D /* Pods-TikTokLike.release.xcconfig */ = {isa = PBXFileReference; includeInIndex = 1; lastKnownFileType = text.xcconfig; name = "Pods-TikTokLike.release.xcconfig"; path = "Pods/Target Support Files/Pods-TikTokLike/Pods-TikTokLike.release.xcconfig"; sourceTree = "<group>"; };
		F80DA477EDCBB07DE4DF0618 /* Pods_TikTokLikeTests.framework */ = {isa = PBXFileReference; explicitFileType = wrapper.framework; includeInIndex = 0; path = Pods_TikTokLikeTests.framework; sourceTree = BUILT_PRODUCTS_DIR; };
		FCB0852BC8D383B96A8DDF41 /* Pods-TikTokLikeTests.debug.xcconfig */ = {isa = PBXFileReference; includeInIndex = 1; lastKnownFileType = text.xcconfig; name = "Pods-TikTokLikeTests.debug.xcconfig"; path = "Pods/Target Support Files/Pods-TikTokLikeTests/Pods-TikTokLikeTests.debug.xcconfig"; sourceTree = "<group>"; };
/* End PBXFileReference section */

/* Begin PBXFrameworksBuildPhase section */
		82B83879226A5DD5004622CD /* Frameworks */ = {
			isa = PBXFrameworksBuildPhase;
			buildActionMask = 2147483647;
			files = (
				49C57283833B9E08095C78E7 /* Pods_TikTokLike.framework in Frameworks */,
			);
			runOnlyForDeploymentPostprocessing = 0;
		};
		82B8388D226A5DD7004622CD /* Frameworks */ = {
			isa = PBXFrameworksBuildPhase;
			buildActionMask = 2147483647;
			files = (
				B107E857D4AFF1D4D6D46B34 /* Pods_TikTokLikeTests.framework in Frameworks */,
			);
			runOnlyForDeploymentPostprocessing = 0;
		};
		82B83898226A5DD7004622CD /* Frameworks */ = {
			isa = PBXFrameworksBuildPhase;
			buildActionMask = 2147483647;
			files = (
				6A83E7257861912E7FB63F7A /* Pods_TikTokLikeUITests.framework in Frameworks */,
			);
			runOnlyForDeploymentPostprocessing = 0;
		};
/* End PBXFrameworksBuildPhase section */

/* Begin PBXGroup section */
		422CD5F5DA97208D3FBB0083 /* Pods */ = {
			isa = PBXGroup;
			children = (
				849842F5B2AD892E20162873 /* Pods-TikTokLike.debug.xcconfig */,
				E976AB33C48B268FC083B35D /* Pods-TikTokLike.release.xcconfig */,
				FCB0852BC8D383B96A8DDF41 /* Pods-TikTokLikeTests.debug.xcconfig */,
				8EB6E54C6117B8A274106BE0 /* Pods-TikTokLikeTests.release.xcconfig */,
				9ACBF459D6A2F9428044F191 /* Pods-TikTokLikeUITests.debug.xcconfig */,
				AE71F66D21A20F1DD3969217 /* Pods-TikTokLikeUITests.release.xcconfig */,
			);
			name = Pods;
			sourceTree = "<group>";
		};
		82B83873226A5DD5004622CD = {
			isa = PBXGroup;
			children = (
				82B8387E226A5DD5004622CD /* TikTokLike */,
				82B83893226A5DD7004622CD /* TikTokLikeTests */,
				82B8389E226A5DD7004622CD /* TikTokLikeUITests */,
				82B8387D226A5DD5004622CD /* Products */,
				422CD5F5DA97208D3FBB0083 /* Pods */,
				CA5B339D1052DB785EB2F4D4 /* Frameworks */,
			);
			sourceTree = "<group>";
		};
		82B8387D226A5DD5004622CD /* Products */ = {
			isa = PBXGroup;
			children = (
				82B8387C226A5DD5004622CD /* TikTokLike.app */,
				82B83890226A5DD7004622CD /* TikTokLikeTests.xctest */,
				82B8389B226A5DD7004622CD /* TikTokLikeUITests.xctest */,
			);
			name = Products;
			sourceTree = "<group>";
		};
		82B8387E226A5DD5004622CD /* TikTokLike */ = {
			isa = PBXGroup;
			children = (
				82B8387F226A5DD5004622CD /* AppDelegate.swift */,
				82B838B0226A5E17004622CD /* Services */,
				82B838AF226A5E06004622CD /* Models */,
				82B838AE226A5E00004622CD /* Views */,
				82B838AD226A5DF2004622CD /* Controllers */,
				82B838B1226A5E30004622CD /* Cusstom Cells */,
				82B83886226A5DD7004622CD /* Assets.xcassets */,
				82B8388B226A5DD7004622CD /* Info.plist */,
				82B838CE226A75B5004622CD /* GoogleService-Info.plist */,
			);
			path = TikTokLike;
			sourceTree = "<group>";
		};
		82B83893226A5DD7004622CD /* TikTokLikeTests */ = {
			isa = PBXGroup;
			children = (
				82B83894226A5DD7004622CD /* TikTokLikeTests.swift */,
				82B83896226A5DD7004622CD /* Info.plist */,
			);
			path = TikTokLikeTests;
			sourceTree = "<group>";
		};
		82B8389E226A5DD7004622CD /* TikTokLikeUITests */ = {
			isa = PBXGroup;
			children = (
				82B8389F226A5DD7004622CD /* TikTokLikeUITests.swift */,
				82B838A1226A5DD7004622CD /* Info.plist */,
			);
			path = TikTokLikeUITests;
			sourceTree = "<group>";
		};
		82B838AD226A5DF2004622CD /* Controllers */ = {
			isa = PBXGroup;
			children = (
				82B838C8226A6ADC004622CD /* SignInViewController.swift */,
				82B838CA226A6AEF004622CD /* SignUpViewController.swift */,
				82B838B2226A5F9A004622CD /* FeedViewController.swift */,
				82B838B4226A5FE3004622CD /* SearchViewController.swift */,
				82B838B6226A600D004622CD /* NewViewController.swift */,
				827D9933226BD13B00187144 /* NewPostViewController.swift */,
				82B838B8226A606C004622CD /* SocialViewController.swift */,
				82B838BA226A607C004622CD /* ProfileViewController.swift */,
				82B838E4226ABC5A004622CD /* MenuViewController.swift */,
				82B838E8226ACB95004622CD /* EditProfileViewController.swift */,
				827D991F226AF18600187144 /* CustomCameraViewController.swift */,
				827D9921226AF19900187144 /* CapturePreviewViewController.swift */,
				827D992B226BAE5700187144 /* AddUserViewController.swift */,
				827D9981226CDCD500187144 /* PostViewController.swift */,
				825C85E6226E82CA00B5B397 /* WebPostViewController.swift */,
			);
			path = Controllers;
			sourceTree = "<group>";
		};
		82B838AE226A5E00004622CD /* Views */ = {
			isa = PBXGroup;
			children = (
				82B83888226A5DD7004622CD /* LaunchScreen.storyboard */,
				82B838C6226A6ABE004622CD /* Authentication.storyboard */,
				82B83883226A5DD5004622CD /* Main.storyboard */,
				82B838BC226A6266004622CD /* Feed.storyboard */,
				82B838BE226A62CC004622CD /* Search.storyboard */,
				82B838C0226A644A004622CD /* NewPost.storyboard */,
				82B838C2226A64D1004622CD /* Social.storyboard */,
				82B838C4226A652B004622CD /* Profile.storyboard */,
				82B838E2226ABBA9004622CD /* Menu.storyboard */,
				82B838E6226ACB79004622CD /* EditProfile.storyboard */,
				827D991D226AF12100187144 /* CustomCamera.storyboard */,
				827D9929226BAE4000187144 /* AddUser.storyboard */,
				827D997F226CDCA200187144 /* Post.storyboard */,
				825C85E4226E821400B5B397 /* WebPost.storyboard */,
			);
			path = Views;
			sourceTree = "<group>";
		};
		82B838AF226A5E06004622CD /* Models */ = {
			isa = PBXGroup;
			children = (
				82B838DC226AA1BE004622CD /* User.swift */,
				827D993B226BD75200187144 /* Post.swift */,
				825C85DC226E41D400B5B397 /* WebPost.swift */,
			);
			path = Models;
			sourceTree = "<group>";
		};
		82B838B0226A5E17004622CD /* Services */ = {
			isa = PBXGroup;
			children = (
				82B838CC226A7467004622CD /* AuthService.swift */,
				82B838D0226A7B99004622CD /* UIService.swift */,
				82B838D2226A81F3004622CD /* AlertService.swift */,
				82B838DE226AA413004622CD /* UserService.swift */,
				827D9923226AF70500187144 /* VideoService.swift */,
				827D9927226B0CE700187144 /* ImageService.swift */,
				827D9931226BC13400187144 /* FollowService.swift */,
				827D9939226BD72500187144 /* PostService.swift */,
				825C85DE226E42AC00B5B397 /* WebPostService.swift */,
			);
			path = Services;
			sourceTree = "<group>";
		};
		82B838B1226A5E30004622CD /* Cusstom Cells */ = {
			isa = PBXGroup;
			children = (
				82B838D4226A92F4004622CD /* ProfileHeaderView.swift */,
				82B838D5226A92F4004622CD /* ProfileHeaderView.xib */,
				82B838D8226A9D6B004622CD /* PostCollectionCell.swift */,
				82B838D9226A9D6B004622CD /* PostCollectionCell.xib */,
				827D9915226AD99E00187144 /* ImageTableCell.swift */,
				827D9916226AD99E00187144 /* ImageTableCell.xib */,
				827D9919226AD9BB00187144 /* InputTableCell.swift */,
				827D991A226AD9BB00187144 /* InputTableCell.xib */,
				827D992D226BAFA100187144 /* UserTableCell.swift */,
				827D992E226BAFA100187144 /* UserTableCell.xib */,
				827D9935226BD42500187144 /* VideoTableCell.swift */,
				827D9936226BD42500187144 /* VideoTableCell.xib */,
				825C85E0226E7D4000B5B397 /* FeedTableCell.swift */,
				825C85E1226E7D4000B5B397 /* FeedTableCell.xib */,
			);
			path = "Cusstom Cells";
			sourceTree = "<group>";
		};
		CA5B339D1052DB785EB2F4D4 /* Frameworks */ = {
			isa = PBXGroup;
			children = (
				BFF53C1F046C93CE4FDE35F5 /* Pods_TikTokLike.framework */,
				F80DA477EDCBB07DE4DF0618 /* Pods_TikTokLikeTests.framework */,
				1579B5347D9F1A2478349200 /* Pods_TikTokLikeUITests.framework */,
			);
			name = Frameworks;
			sourceTree = "<group>";
		};
/* End PBXGroup section */

/* Begin PBXNativeTarget section */
		82B8387B226A5DD5004622CD /* TikTokLike */ = {
			isa = PBXNativeTarget;
			buildConfigurationList = 82B838A4226A5DD7004622CD /* Build configuration list for PBXNativeTarget "TikTokLike" */;
			buildPhases = (
				EE497004B794BFFD0E50338F /* [CP] Check Pods Manifest.lock */,
				82B83878226A5DD5004622CD /* Sources */,
				82B83879226A5DD5004622CD /* Frameworks */,
				82B8387A226A5DD5004622CD /* Resources */,
				A1043B278C8CB149AB7234D4 /* [CP] Embed Pods Frameworks */,
			);
			buildRules = (
			);
			dependencies = (
			);
			name = TikTokLike;
			productName = TikTokLike;
			productReference = 82B8387C226A5DD5004622CD /* TikTokLike.app */;
			productType = "com.apple.product-type.application";
		};
		82B8388F226A5DD7004622CD /* TikTokLikeTests */ = {
			isa = PBXNativeTarget;
			buildConfigurationList = 82B838A7226A5DD7004622CD /* Build configuration list for PBXNativeTarget "TikTokLikeTests" */;
			buildPhases = (
				59786ABED9F961C0EA995D9D /* [CP] Check Pods Manifest.lock */,
				82B8388C226A5DD7004622CD /* Sources */,
				82B8388D226A5DD7004622CD /* Frameworks */,
				82B8388E226A5DD7004622CD /* Resources */,
			);
			buildRules = (
			);
			dependencies = (
				82B83892226A5DD7004622CD /* PBXTargetDependency */,
			);
			name = TikTokLikeTests;
			productName = TikTokLikeTests;
			productReference = 82B83890226A5DD7004622CD /* TikTokLikeTests.xctest */;
			productType = "com.apple.product-type.bundle.unit-test";
		};
		82B8389A226A5DD7004622CD /* TikTokLikeUITests */ = {
			isa = PBXNativeTarget;
			buildConfigurationList = 82B838AA226A5DD7004622CD /* Build configuration list for PBXNativeTarget "TikTokLikeUITests" */;
			buildPhases = (
				B9AA0C5F9876517D2D529E42 /* [CP] Check Pods Manifest.lock */,
				82B83897226A5DD7004622CD /* Sources */,
				82B83898226A5DD7004622CD /* Frameworks */,
				82B83899226A5DD7004622CD /* Resources */,
			);
			buildRules = (
			);
			dependencies = (
				82B8389D226A5DD7004622CD /* PBXTargetDependency */,
			);
			name = TikTokLikeUITests;
			productName = TikTokLikeUITests;
			productReference = 82B8389B226A5DD7004622CD /* TikTokLikeUITests.xctest */;
			productType = "com.apple.product-type.bundle.ui-testing";
		};
/* End PBXNativeTarget section */

/* Begin PBXProject section */
		82B83874226A5DD5004622CD /* Project object */ = {
			isa = PBXProject;
			attributes = {
				LastSwiftUpdateCheck = 1010;
				LastUpgradeCheck = 1010;
				ORGANIZATIONNAME = "Jason Li";
				TargetAttributes = {
					82B8387B226A5DD5004622CD = {
						CreatedOnToolsVersion = 10.1;
					};
					82B8388F226A5DD7004622CD = {
						CreatedOnToolsVersion = 10.1;
						TestTargetID = 82B8387B226A5DD5004622CD;
					};
					82B8389A226A5DD7004622CD = {
						CreatedOnToolsVersion = 10.1;
						TestTargetID = 82B8387B226A5DD5004622CD;
					};
				};
			};
			buildConfigurationList = 82B83877226A5DD5004622CD /* Build configuration list for PBXProject "TikTokLike" */;
			compatibilityVersion = "Xcode 9.3";
			developmentRegion = en;
			hasScannedForEncodings = 0;
			knownRegions = (
				en,
				Base,
			);
			mainGroup = 82B83873226A5DD5004622CD;
			productRefGroup = 82B8387D226A5DD5004622CD /* Products */;
			projectDirPath = "";
			projectRoot = "";
			targets = (
				82B8387B226A5DD5004622CD /* TikTokLike */,
				82B8388F226A5DD7004622CD /* TikTokLikeTests */,
				82B8389A226A5DD7004622CD /* TikTokLikeUITests */,
			);
		};
/* End PBXProject section */

/* Begin PBXResourcesBuildPhase section */
		82B8387A226A5DD5004622CD /* Resources */ = {
			isa = PBXResourcesBuildPhase;
			buildActionMask = 2147483647;
			files = (
				82B8388A226A5DD7004622CD /* LaunchScreen.storyboard in Resources */,
				82B838DB226A9D6B004622CD /* PostCollectionCell.xib in Resources */,
				825C85E3226E7D4000B5B397 /* FeedTableCell.xib in Resources */,
				82B838C1226A644A004622CD /* NewPost.storyboard in Resources */,
				82B838C5226A652B004622CD /* Profile.storyboard in Resources */,
				82B838D7226A92F4004622CD /* ProfileHeaderView.xib in Resources */,
				827D992A226BAE4000187144 /* AddUser.storyboard in Resources */,
				82B83887226A5DD7004622CD /* Assets.xcassets in Resources */,
				82B838E3226ABBA9004622CD /* Menu.storyboard in Resources */,
				82B838BD226A6266004622CD /* Feed.storyboard in Resources */,
				827D9918226AD99E00187144 /* ImageTableCell.xib in Resources */,
				82B838E7226ACB79004622CD /* EditProfile.storyboard in Resources */,
				827D991E226AF12100187144 /* CustomCamera.storyboard in Resources */,
				82B838C3226A64D1004622CD /* Social.storyboard in Resources */,
				827D991C226AD9BB00187144 /* InputTableCell.xib in Resources */,
				827D9938226BD42500187144 /* VideoTableCell.xib in Resources */,
				82B838C7226A6ABE004622CD /* Authentication.storyboard in Resources */,
				82B838CF226A75B6004622CD /* GoogleService-Info.plist in Resources */,
				82B83885226A5DD5004622CD /* Main.storyboard in Resources */,
				825C85E5226E821400B5B397 /* WebPost.storyboard in Resources */,
				82B838BF226A62CC004622CD /* Search.storyboard in Resources */,
				827D9980226CDCA200187144 /* Post.storyboard in Resources */,
				827D9930226BAFA100187144 /* UserTableCell.xib in Resources */,
			);
			runOnlyForDeploymentPostprocessing = 0;
		};
		82B8388E226A5DD7004622CD /* Resources */ = {
			isa = PBXResourcesBuildPhase;
			buildActionMask = 2147483647;
			files = (
			);
			runOnlyForDeploymentPostprocessing = 0;
		};
		82B83899226A5DD7004622CD /* Resources */ = {
			isa = PBXResourcesBuildPhase;
			buildActionMask = 2147483647;
			files = (
			);
			runOnlyForDeploymentPostprocessing = 0;
		};
/* End PBXResourcesBuildPhase section */

/* Begin PBXShellScriptBuildPhase section */
		59786ABED9F961C0EA995D9D /* [CP] Check Pods Manifest.lock */ = {
			isa = PBXShellScriptBuildPhase;
			buildActionMask = 2147483647;
			files = (
			);
			inputFileListPaths = (
			);
			inputPaths = (
				"${PODS_PODFILE_DIR_PATH}/Podfile.lock",
				"${PODS_ROOT}/Manifest.lock",
			);
			name = "[CP] Check Pods Manifest.lock";
			outputFileListPaths = (
			);
			outputPaths = (
				"$(DERIVED_FILE_DIR)/Pods-TikTokLikeTests-checkManifestLockResult.txt",
			);
			runOnlyForDeploymentPostprocessing = 0;
			shellPath = /bin/sh;
			shellScript = "diff \"${PODS_PODFILE_DIR_PATH}/Podfile.lock\" \"${PODS_ROOT}/Manifest.lock\" > /dev/null\nif [ $? != 0 ] ; then\n    # print error to STDERR\n    echo \"error: The sandbox is not in sync with the Podfile.lock. Run 'pod install' or update your CocoaPods installation.\" >&2\n    exit 1\nfi\n# This output is used by Xcode 'outputs' to avoid re-running this script phase.\necho \"SUCCESS\" > \"${SCRIPT_OUTPUT_FILE_0}\"\n";
			showEnvVarsInLog = 0;
		};
		A1043B278C8CB149AB7234D4 /* [CP] Embed Pods Frameworks */ = {
			isa = PBXShellScriptBuildPhase;
			buildActionMask = 2147483647;
			files = (
			);
			inputFileListPaths = (
			);
			inputPaths = (
				"${SRCROOT}/Pods/Target Support Files/Pods-TikTokLike/Pods-TikTokLike-frameworks.sh",
				"${BUILT_PRODUCTS_DIR}/CameraManager/CameraManager.framework",
				"${BUILT_PRODUCTS_DIR}/ChameleonFramework/ChameleonFramework.framework",
				"${BUILT_PRODUCTS_DIR}/GTMSessionFetcher/GTMSessionFetcher.framework",
				"${BUILT_PRODUCTS_DIR}/GoogleUtilities/GoogleUtilities.framework",
				"${BUILT_PRODUCTS_DIR}/SVProgressHUD/SVProgressHUD.framework",
				"${BUILT_PRODUCTS_DIR}/leveldb-library/leveldb.framework",
				"${BUILT_PRODUCTS_DIR}/nanopb/nanopb.framework",
			);
			name = "[CP] Embed Pods Frameworks";
			outputFileListPaths = (
			);
			outputPaths = (
				"${TARGET_BUILD_DIR}/${FRAMEWORKS_FOLDER_PATH}/CameraManager.framework",
				"${TARGET_BUILD_DIR}/${FRAMEWORKS_FOLDER_PATH}/ChameleonFramework.framework",
				"${TARGET_BUILD_DIR}/${FRAMEWORKS_FOLDER_PATH}/GTMSessionFetcher.framework",
				"${TARGET_BUILD_DIR}/${FRAMEWORKS_FOLDER_PATH}/GoogleUtilities.framework",
				"${TARGET_BUILD_DIR}/${FRAMEWORKS_FOLDER_PATH}/SVProgressHUD.framework",
				"${TARGET_BUILD_DIR}/${FRAMEWORKS_FOLDER_PATH}/leveldb.framework",
				"${TARGET_BUILD_DIR}/${FRAMEWORKS_FOLDER_PATH}/nanopb.framework",
			);
			runOnlyForDeploymentPostprocessing = 0;
			shellPath = /bin/sh;
			shellScript = "\"${SRCROOT}/Pods/Target Support Files/Pods-TikTokLike/Pods-TikTokLike-frameworks.sh\"\n";
			showEnvVarsInLog = 0;
		};
		B9AA0C5F9876517D2D529E42 /* [CP] Check Pods Manifest.lock */ = {
			isa = PBXShellScriptBuildPhase;
			buildActionMask = 2147483647;
			files = (
			);
			inputFileListPaths = (
			);
			inputPaths = (
				"${PODS_PODFILE_DIR_PATH}/Podfile.lock",
				"${PODS_ROOT}/Manifest.lock",
			);
			name = "[CP] Check Pods Manifest.lock";
			outputFileListPaths = (
			);
			outputPaths = (
				"$(DERIVED_FILE_DIR)/Pods-TikTokLikeUITests-checkManifestLockResult.txt",
			);
			runOnlyForDeploymentPostprocessing = 0;
			shellPath = /bin/sh;
			shellScript = "diff \"${PODS_PODFILE_DIR_PATH}/Podfile.lock\" \"${PODS_ROOT}/Manifest.lock\" > /dev/null\nif [ $? != 0 ] ; then\n    # print error to STDERR\n    echo \"error: The sandbox is not in sync with the Podfile.lock. Run 'pod install' or update your CocoaPods installation.\" >&2\n    exit 1\nfi\n# This output is used by Xcode 'outputs' to avoid re-running this script phase.\necho \"SUCCESS\" > \"${SCRIPT_OUTPUT_FILE_0}\"\n";
			showEnvVarsInLog = 0;
		};
		EE497004B794BFFD0E50338F /* [CP] Check Pods Manifest.lock */ = {
			isa = PBXShellScriptBuildPhase;
			buildActionMask = 2147483647;
			files = (
			);
			inputFileListPaths = (
			);
			inputPaths = (
				"${PODS_PODFILE_DIR_PATH}/Podfile.lock",
				"${PODS_ROOT}/Manifest.lock",
			);
			name = "[CP] Check Pods Manifest.lock";
			outputFileListPaths = (
			);
			outputPaths = (
				"$(DERIVED_FILE_DIR)/Pods-TikTokLike-checkManifestLockResult.txt",
			);
			runOnlyForDeploymentPostprocessing = 0;
			shellPath = /bin/sh;
			shellScript = "diff \"${PODS_PODFILE_DIR_PATH}/Podfile.lock\" \"${PODS_ROOT}/Manifest.lock\" > /dev/null\nif [ $? != 0 ] ; then\n    # print error to STDERR\n    echo \"error: The sandbox is not in sync with the Podfile.lock. Run 'pod install' or update your CocoaPods installation.\" >&2\n    exit 1\nfi\n# This output is used by Xcode 'outputs' to avoid re-running this script phase.\necho \"SUCCESS\" > \"${SCRIPT_OUTPUT_FILE_0}\"\n";
			showEnvVarsInLog = 0;
		};
/* End PBXShellScriptBuildPhase section */

/* Begin PBXSourcesBuildPhase section */
		82B83878226A5DD5004622CD /* Sources */ = {
			isa = PBXSourcesBuildPhase;
			buildActionMask = 2147483647;
			files = (
				827D991B226AD9BB00187144 /* InputTableCell.swift in Sources */,
				82B838E5226ABC5A004622CD /* MenuViewController.swift in Sources */,
				825C85E7226E82CA00B5B397 /* WebPostViewController.swift in Sources */,
				82B838DA226A9D6B004622CD /* PostCollectionCell.swift in Sources */,
				82B838D3226A81F3004622CD /* AlertService.swift in Sources */,
				825C85DF226E42AC00B5B397 /* WebPostService.swift in Sources */,
				82B838C9226A6ADC004622CD /* SignInViewController.swift in Sources */,
				82B838BB226A607C004622CD /* ProfileViewController.swift in Sources */,
				82B838CB226A6AEF004622CD /* SignUpViewController.swift in Sources */,
				82B838CD226A7467004622CD /* AuthService.swift in Sources */,
				827D9920226AF18600187144 /* CustomCameraViewController.swift in Sources */,
				827D993C226BD75200187144 /* Post.swift in Sources */,
				82B838DD226AA1BE004622CD /* User.swift in Sources */,
				82B838B5226A5FE3004622CD /* SearchViewController.swift in Sources */,
				82B838B7226A600D004622CD /* NewViewController.swift in Sources */,
				82B838E9226ACB95004622CD /* EditProfileViewController.swift in Sources */,
				827D992C226BAE5700187144 /* AddUserViewController.swift in Sources */,
				827D9982226CDCD500187144 /* PostViewController.swift in Sources */,
				827D9932226BC13400187144 /* FollowService.swift in Sources */,
				82B838D6226A92F4004622CD /* ProfileHeaderView.swift in Sources */,
				827D9922226AF19900187144 /* CapturePreviewViewController.swift in Sources */,
				82B838B9226A606C004622CD /* SocialViewController.swift in Sources */,
				825C85DD226E41D400B5B397 /* WebPost.swift in Sources */,
				827D9937226BD42500187144 /* VideoTableCell.swift in Sources */,
				827D9928226B0CE700187144 /* ImageService.swift in Sources */,
				827D993A226BD72500187144 /* PostService.swift in Sources */,
				82B838DF226AA413004622CD /* UserService.swift in Sources */,
				827D992F226BAFA100187144 /* UserTableCell.swift in Sources */,
				827D9924226AF70500187144 /* VideoService.swift in Sources */,
				827D9917226AD99E00187144 /* ImageTableCell.swift in Sources */,
				827D9934226BD13B00187144 /* NewPostViewController.swift in Sources */,
				825C85E2226E7D4000B5B397 /* FeedTableCell.swift in Sources */,
				82B838D1226A7B99004622CD /* UIService.swift in Sources */,
				82B838B3226A5F9A004622CD /* FeedViewController.swift in Sources */,
				82B83880226A5DD5004622CD /* AppDelegate.swift in Sources */,
			);
			runOnlyForDeploymentPostprocessing = 0;
		};
		82B8388C226A5DD7004622CD /* Sources */ = {
			isa = PBXSourcesBuildPhase;
			buildActionMask = 2147483647;
			files = (
				82B83895226A5DD7004622CD /* TikTokLikeTests.swift in Sources */,
			);
			runOnlyForDeploymentPostprocessing = 0;
		};
		82B83897226A5DD7004622CD /* Sources */ = {
			isa = PBXSourcesBuildPhase;
			buildActionMask = 2147483647;
			files = (
				82B838A0226A5DD7004622CD /* TikTokLikeUITests.swift in Sources */,
			);
			runOnlyForDeploymentPostprocessing = 0;
		};
/* End PBXSourcesBuildPhase section */

/* Begin PBXTargetDependency section */
		82B83892226A5DD7004622CD /* PBXTargetDependency */ = {
			isa = PBXTargetDependency;
			target = 82B8387B226A5DD5004622CD /* TikTokLike */;
			targetProxy = 82B83891226A5DD7004622CD /* PBXContainerItemProxy */;
		};
		82B8389D226A5DD7004622CD /* PBXTargetDependency */ = {
			isa = PBXTargetDependency;
			target = 82B8387B226A5DD5004622CD /* TikTokLike */;
			targetProxy = 82B8389C226A5DD7004622CD /* PBXContainerItemProxy */;
		};
/* End PBXTargetDependency section */

/* Begin PBXVariantGroup section */
		82B83883226A5DD5004622CD /* Main.storyboard */ = {
			isa = PBXVariantGroup;
			children = (
				82B83884226A5DD5004622CD /* Base */,
			);
			name = Main.storyboard;
			sourceTree = "<group>";
		};
		82B83888226A5DD7004622CD /* LaunchScreen.storyboard */ = {
			isa = PBXVariantGroup;
			children = (
				82B83889226A5DD7004622CD /* Base */,
			);
			name = LaunchScreen.storyboard;
			sourceTree = "<group>";
		};
/* End PBXVariantGroup section */

/* Begin XCBuildConfiguration section */
		82B838A2226A5DD7004622CD /* Debug */ = {
			isa = XCBuildConfiguration;
			buildSettings = {
				ALWAYS_SEARCH_USER_PATHS = NO;
				CLANG_ANALYZER_NONNULL = YES;
				CLANG_ANALYZER_NUMBER_OBJECT_CONVERSION = YES_AGGRESSIVE;
				CLANG_CXX_LANGUAGE_STANDARD = "gnu++14";
				CLANG_CXX_LIBRARY = "libc++";
				CLANG_ENABLE_MODULES = YES;
				CLANG_ENABLE_OBJC_ARC = YES;
				CLANG_ENABLE_OBJC_WEAK = YES;
				CLANG_WARN_BLOCK_CAPTURE_AUTORELEASING = YES;
				CLANG_WARN_BOOL_CONVERSION = YES;
				CLANG_WARN_COMMA = YES;
				CLANG_WARN_CONSTANT_CONVERSION = YES;
				CLANG_WARN_DEPRECATED_OBJC_IMPLEMENTATIONS = YES;
				CLANG_WARN_DIRECT_OBJC_ISA_USAGE = YES_ERROR;
				CLANG_WARN_DOCUMENTATION_COMMENTS = YES;
				CLANG_WARN_EMPTY_BODY = YES;
				CLANG_WARN_ENUM_CONVERSION = YES;
				CLANG_WARN_INFINITE_RECURSION = YES;
				CLANG_WARN_INT_CONVERSION = YES;
				CLANG_WARN_NON_LITERAL_NULL_CONVERSION = YES;
				CLANG_WARN_OBJC_IMPLICIT_RETAIN_SELF = YES;
				CLANG_WARN_OBJC_LITERAL_CONVERSION = YES;
				CLANG_WARN_OBJC_ROOT_CLASS = YES_ERROR;
				CLANG_WARN_RANGE_LOOP_ANALYSIS = YES;
				CLANG_WARN_STRICT_PROTOTYPES = YES;
				CLANG_WARN_SUSPICIOUS_MOVE = YES;
				CLANG_WARN_UNGUARDED_AVAILABILITY = YES_AGGRESSIVE;
				CLANG_WARN_UNREACHABLE_CODE = YES;
				CLANG_WARN__DUPLICATE_METHOD_MATCH = YES;
				CODE_SIGN_IDENTITY = "iPhone Developer";
				COPY_PHASE_STRIP = NO;
				DEBUG_INFORMATION_FORMAT = dwarf;
				ENABLE_STRICT_OBJC_MSGSEND = YES;
				ENABLE_TESTABILITY = YES;
				GCC_C_LANGUAGE_STANDARD = gnu11;
				GCC_DYNAMIC_NO_PIC = NO;
				GCC_NO_COMMON_BLOCKS = YES;
				GCC_OPTIMIZATION_LEVEL = 0;
				GCC_PREPROCESSOR_DEFINITIONS = (
					"DEBUG=1",
					"$(inherited)",
				);
				GCC_WARN_64_TO_32_BIT_CONVERSION = YES;
				GCC_WARN_ABOUT_RETURN_TYPE = YES_ERROR;
				GCC_WARN_UNDECLARED_SELECTOR = YES;
				GCC_WARN_UNINITIALIZED_AUTOS = YES_AGGRESSIVE;
				GCC_WARN_UNUSED_FUNCTION = YES;
				GCC_WARN_UNUSED_VARIABLE = YES;
				IPHONEOS_DEPLOYMENT_TARGET = 12.1;
				MTL_ENABLE_DEBUG_INFO = INCLUDE_SOURCE;
				MTL_FAST_MATH = YES;
				ONLY_ACTIVE_ARCH = YES;
				SDKROOT = iphoneos;
				SWIFT_ACTIVE_COMPILATION_CONDITIONS = DEBUG;
				SWIFT_OPTIMIZATION_LEVEL = "-Onone";
			};
			name = Debug;
		};
		82B838A3226A5DD7004622CD /* Release */ = {
			isa = XCBuildConfiguration;
			buildSettings = {
				ALWAYS_SEARCH_USER_PATHS = NO;
				CLANG_ANALYZER_NONNULL = YES;
				CLANG_ANALYZER_NUMBER_OBJECT_CONVERSION = YES_AGGRESSIVE;
				CLANG_CXX_LANGUAGE_STANDARD = "gnu++14";
				CLANG_CXX_LIBRARY = "libc++";
				CLANG_ENABLE_MODULES = YES;
				CLANG_ENABLE_OBJC_ARC = YES;
				CLANG_ENABLE_OBJC_WEAK = YES;
				CLANG_WARN_BLOCK_CAPTURE_AUTORELEASING = YES;
				CLANG_WARN_BOOL_CONVERSION = YES;
				CLANG_WARN_COMMA = YES;
				CLANG_WARN_CONSTANT_CONVERSION = YES;
				CLANG_WARN_DEPRECATED_OBJC_IMPLEMENTATIONS = YES;
				CLANG_WARN_DIRECT_OBJC_ISA_USAGE = YES_ERROR;
				CLANG_WARN_DOCUMENTATION_COMMENTS = YES;
				CLANG_WARN_EMPTY_BODY = YES;
				CLANG_WARN_ENUM_CONVERSION = YES;
				CLANG_WARN_INFINITE_RECURSION = YES;
				CLANG_WARN_INT_CONVERSION = YES;
				CLANG_WARN_NON_LITERAL_NULL_CONVERSION = YES;
				CLANG_WARN_OBJC_IMPLICIT_RETAIN_SELF = YES;
				CLANG_WARN_OBJC_LITERAL_CONVERSION = YES;
				CLANG_WARN_OBJC_ROOT_CLASS = YES_ERROR;
				CLANG_WARN_RANGE_LOOP_ANALYSIS = YES;
				CLANG_WARN_STRICT_PROTOTYPES = YES;
				CLANG_WARN_SUSPICIOUS_MOVE = YES;
				CLANG_WARN_UNGUARDED_AVAILABILITY = YES_AGGRESSIVE;
				CLANG_WARN_UNREACHABLE_CODE = YES;
				CLANG_WARN__DUPLICATE_METHOD_MATCH = YES;
				CODE_SIGN_IDENTITY = "iPhone Developer";
				COPY_PHASE_STRIP = NO;
				DEBUG_INFORMATION_FORMAT = "dwarf-with-dsym";
				ENABLE_NS_ASSERTIONS = NO;
				ENABLE_STRICT_OBJC_MSGSEND = YES;
				GCC_C_LANGUAGE_STANDARD = gnu11;
				GCC_NO_COMMON_BLOCKS = YES;
				GCC_WARN_64_TO_32_BIT_CONVERSION = YES;
				GCC_WARN_ABOUT_RETURN_TYPE = YES_ERROR;
				GCC_WARN_UNDECLARED_SELECTOR = YES;
				GCC_WARN_UNINITIALIZED_AUTOS = YES_AGGRESSIVE;
				GCC_WARN_UNUSED_FUNCTION = YES;
				GCC_WARN_UNUSED_VARIABLE = YES;
				IPHONEOS_DEPLOYMENT_TARGET = 12.1;
				MTL_ENABLE_DEBUG_INFO = NO;
				MTL_FAST_MATH = YES;
				SDKROOT = iphoneos;
				SWIFT_COMPILATION_MODE = wholemodule;
				SWIFT_OPTIMIZATION_LEVEL = "-O";
				VALIDATE_PRODUCT = YES;
			};
			name = Release;
		};
		82B838A5226A5DD7004622CD /* Debug */ = {
			isa = XCBuildConfiguration;
			baseConfigurationReference = 849842F5B2AD892E20162873 /* Pods-TikTokLike.debug.xcconfig */;
			buildSettings = {
				ASSETCATALOG_COMPILER_APPICON_NAME = AppIcon;
				CODE_SIGN_STYLE = Automatic;
				DEVELOPMENT_TEAM = AQQF6U36PG;
				INFOPLIST_FILE = TikTokLike/Info.plist;
				IPHONEOS_DEPLOYMENT_TARGET = 10.0;
				LD_RUNPATH_SEARCH_PATHS = (
					"$(inherited)",
					"@executable_path/Frameworks",
				);
				PRODUCT_BUNDLE_IDENTIFIER = com.jasondevelopment.TikTokLike;
				PRODUCT_NAME = "$(TARGET_NAME)";
				SWIFT_VERSION = 4.2;
				TARGETED_DEVICE_FAMILY = "1,2";
			};
			name = Debug;
		};
		82B838A6226A5DD7004622CD /* Release */ = {
			isa = XCBuildConfiguration;
			baseConfigurationReference = E976AB33C48B268FC083B35D /* Pods-TikTokLike.release.xcconfig */;
			buildSettings = {
				ASSETCATALOG_COMPILER_APPICON_NAME = AppIcon;
				CODE_SIGN_STYLE = Automatic;
				DEVELOPMENT_TEAM = AQQF6U36PG;
				INFOPLIST_FILE = TikTokLike/Info.plist;
				IPHONEOS_DEPLOYMENT_TARGET = 10.0;
				LD_RUNPATH_SEARCH_PATHS = (
					"$(inherited)",
					"@executable_path/Frameworks",
				);
				PRODUCT_BUNDLE_IDENTIFIER = com.jasondevelopment.TikTokLike;
				PRODUCT_NAME = "$(TARGET_NAME)";
				SWIFT_VERSION = 4.2;
				TARGETED_DEVICE_FAMILY = "1,2";
			};
			name = Release;
		};
		82B838A8226A5DD7004622CD /* Debug */ = {
			isa = XCBuildConfiguration;
			baseConfigurationReference = FCB0852BC8D383B96A8DDF41 /* Pods-TikTokLikeTests.debug.xcconfig */;
			buildSettings = {
				ALWAYS_EMBED_SWIFT_STANDARD_LIBRARIES = YES;
				BUNDLE_LOADER = "$(TEST_HOST)";
				CODE_SIGN_STYLE = Automatic;
				DEVELOPMENT_TEAM = AQQF6U36PG;
				INFOPLIST_FILE = TikTokLikeTests/Info.plist;
				LD_RUNPATH_SEARCH_PATHS = (
					"$(inherited)",
					"@executable_path/Frameworks",
					"@loader_path/Frameworks",
				);
				PRODUCT_BUNDLE_IDENTIFIER = com.jasondevelopment.TikTokLikeTests;
				PRODUCT_NAME = "$(TARGET_NAME)";
				SWIFT_VERSION = 4.2;
				TARGETED_DEVICE_FAMILY = "1,2";
				TEST_HOST = "$(BUILT_PRODUCTS_DIR)/TikTokLike.app/TikTokLike";
			};
			name = Debug;
		};
		82B838A9226A5DD7004622CD /* Release */ = {
			isa = XCBuildConfiguration;
			baseConfigurationReference = 8EB6E54C6117B8A274106BE0 /* Pods-TikTokLikeTests.release.xcconfig */;
			buildSettings = {
				ALWAYS_EMBED_SWIFT_STANDARD_LIBRARIES = YES;
				BUNDLE_LOADER = "$(TEST_HOST)";
				CODE_SIGN_STYLE = Automatic;
				DEVELOPMENT_TEAM = AQQF6U36PG;
				INFOPLIST_FILE = TikTokLikeTests/Info.plist;
				LD_RUNPATH_SEARCH_PATHS = (
					"$(inherited)",
					"@executable_path/Frameworks",
					"@loader_path/Frameworks",
				);
				PRODUCT_BUNDLE_IDENTIFIER = com.jasondevelopment.TikTokLikeTests;
				PRODUCT_NAME = "$(TARGET_NAME)";
				SWIFT_VERSION = 4.2;
				TARGETED_DEVICE_FAMILY = "1,2";
				TEST_HOST = "$(BUILT_PRODUCTS_DIR)/TikTokLike.app/TikTokLike";
			};
			name = Release;
		};
		82B838AB226A5DD7004622CD /* Debug */ = {
			isa = XCBuildConfiguration;
			baseConfigurationReference = 9ACBF459D6A2F9428044F191 /* Pods-TikTokLikeUITests.debug.xcconfig */;
			buildSettings = {
				ALWAYS_EMBED_SWIFT_STANDARD_LIBRARIES = YES;
				CODE_SIGN_STYLE = Automatic;
				DEVELOPMENT_TEAM = AQQF6U36PG;
				INFOPLIST_FILE = TikTokLikeUITests/Info.plist;
				LD_RUNPATH_SEARCH_PATHS = (
					"$(inherited)",
					"@executable_path/Frameworks",
					"@loader_path/Frameworks",
				);
				PRODUCT_BUNDLE_IDENTIFIER = com.jasondevelopment.TikTokLikeUITests;
				PRODUCT_NAME = "$(TARGET_NAME)";
				SWIFT_VERSION = 4.2;
				TARGETED_DEVICE_FAMILY = "1,2";
				TEST_TARGET_NAME = TikTokLike;
			};
			name = Debug;
		};
		82B838AC226A5DD7004622CD /* Release */ = {
			isa = XCBuildConfiguration;
			baseConfigurationReference = AE71F66D21A20F1DD3969217 /* Pods-TikTokLikeUITests.release.xcconfig */;
			buildSettings = {
				ALWAYS_EMBED_SWIFT_STANDARD_LIBRARIES = YES;
				CODE_SIGN_STYLE = Automatic;
				DEVELOPMENT_TEAM = AQQF6U36PG;
				INFOPLIST_FILE = TikTokLikeUITests/Info.plist;
				LD_RUNPATH_SEARCH_PATHS = (
					"$(inherited)",
					"@executable_path/Frameworks",
					"@loader_path/Frameworks",
				);
				PRODUCT_BUNDLE_IDENTIFIER = com.jasondevelopment.TikTokLikeUITests;
				PRODUCT_NAME = "$(TARGET_NAME)";
				SWIFT_VERSION = 4.2;
				TARGETED_DEVICE_FAMILY = "1,2";
				TEST_TARGET_NAME = TikTokLike;
			};
			name = Release;
		};
/* End XCBuildConfiguration section */

/* Begin XCConfigurationList section */
		82B83877226A5DD5004622CD /* Build configuration list for PBXProject "TikTokLike" */ = {
			isa = XCConfigurationList;
			buildConfigurations = (
				82B838A2226A5DD7004622CD /* Debug */,
				82B838A3226A5DD7004622CD /* Release */,
			);
			defaultConfigurationIsVisible = 0;
			defaultConfigurationName = Release;
		};
		82B838A4226A5DD7004622CD /* Build configuration list for PBXNativeTarget "TikTokLike" */ = {
			isa = XCConfigurationList;
			buildConfigurations = (
				82B838A5226A5DD7004622CD /* Debug */,
				82B838A6226A5DD7004622CD /* Release */,
			);
			defaultConfigurationIsVisible = 0;
			defaultConfigurationName = Release;
		};
		82B838A7226A5DD7004622CD /* Build configuration list for PBXNativeTarget "TikTokLikeTests" */ = {
			isa = XCConfigurationList;
			buildConfigurations = (
				82B838A8226A5DD7004622CD /* Debug */,
				82B838A9226A5DD7004622CD /* Release */,
			);
			defaultConfigurationIsVisible = 0;
			defaultConfigurationName = Release;
		};
		82B838AA226A5DD7004622CD /* Build configuration list for PBXNativeTarget "TikTokLikeUITests" */ = {
			isa = XCConfigurationList;
			buildConfigurations = (
				82B838AB226A5DD7004622CD /* Debug */,
				82B838AC226A5DD7004622CD /* Release */,
			);
			defaultConfigurationIsVisible = 0;
			defaultConfigurationName = Release;
		};
/* End XCConfigurationList section */
	};
	rootObject = 82B83874226A5DD5004622CD /* Project object */;
}
